// !$*UTF8*$!
{
	archiveVersion = 1;
	classes = {
	};
	objectVersion = 55;
	objects = {

/* Begin PBXBuildFile section */
		3683346DF976C9320A244AAA /* Pods_NetflixTests.framework in Frameworks */ = {isa = PBXBuildFile; fileRef = 112D25B2748249162E3EF582 /* Pods_NetflixTests.framework */; };
		9D5FBB554A2D7EB6015CBB96 /* Pods_Netflix_NetflixUITests.framework in Frameworks */ = {isa = PBXBuildFile; fileRef = 17985524245B9BDDB99CCA30 /* Pods_Netflix_NetflixUITests.framework */; };
		AA3139FE3C0D1CD4889B2D03 /* Pods_Netflix.framework in Frameworks */ = {isa = PBXBuildFile; fileRef = 376F90A61E05CD96DF615B29 /* Pods_Netflix.framework */; };
		D658C63028A6424C00001643 /* HomeView.swift in Sources */ = {isa = PBXBuildFile; fileRef = D658C62F28A6424C00001643 /* HomeView.swift */; };
		D658C63328A657D300001643 /* MovieItemFeaturedView.swift in Sources */ = {isa = PBXBuildFile; fileRef = D658C63228A657D300001643 /* MovieItemFeaturedView.swift */; };
		D658C63628A6582D00001643 /* Kingfisher in Frameworks */ = {isa = PBXBuildFile; productRef = D658C63528A6582D00001643 /* Kingfisher */; };
		D658C63928A65A3500001643 /* MovieCollectionView.swift in Sources */ = {isa = PBXBuildFile; fileRef = D658C63828A65A3500001643 /* MovieCollectionView.swift */; };
		D658C63B28A65C9400001643 /* MovieModel.swift in Sources */ = {isa = PBXBuildFile; fileRef = D658C63A28A65C9400001643 /* MovieModel.swift */; };
		D658C63D28A65CB400001643 /* WatchListModel.swift in Sources */ = {isa = PBXBuildFile; fileRef = D658C63C28A65CB400001643 /* WatchListModel.swift */; };
		D658C64028A65D6000001643 /* MovieViewModel.swift in Sources */ = {isa = PBXBuildFile; fileRef = D658C63F28A65D6000001643 /* MovieViewModel.swift */; };
		D658C64528A66DB800001643 /* AppwriteCategoryModel.swift in Sources */ = {isa = PBXBuildFile; fileRef = D658C64428A66DB800001643 /* AppwriteCategoryModel.swift */; };
		D658C64828A671CD00001643 /* MovieItemThumbnailView.swift in Sources */ = {isa = PBXBuildFile; fileRef = D658C64728A671CD00001643 /* MovieItemThumbnailView.swift */; };
		D658C64C28A672AF00001643 /* MovieDetailsView.swift in Sources */ = {isa = PBXBuildFile; fileRef = D658C64B28A672AF00001643 /* MovieDetailsView.swift */; };
		D677F14128A3826300254521 /* NetflixApp.swift in Sources */ = {isa = PBXBuildFile; fileRef = D677F14028A3826300254521 /* NetflixApp.swift */; };
		D677F14528A3826500254521 /* Assets.xcassets in Resources */ = {isa = PBXBuildFile; fileRef = D677F14428A3826500254521 /* Assets.xcassets */; };
		D677F14828A3826500254521 /* Preview Assets.xcassets in Resources */ = {isa = PBXBuildFile; fileRef = D677F14728A3826500254521 /* Preview Assets.xcassets */; };
		D677F15228A3826500254521 /* NetflixTests.swift in Sources */ = {isa = PBXBuildFile; fileRef = D677F15128A3826500254521 /* NetflixTests.swift */; };
		D677F15C28A3826500254521 /* NetflixUITests.swift in Sources */ = {isa = PBXBuildFile; fileRef = D677F15B28A3826500254521 /* NetflixUITests.swift */; };
		D677F15E28A3826500254521 /* NetflixUITestsLaunchTests.swift in Sources */ = {isa = PBXBuildFile; fileRef = D677F15D28A3826500254521 /* NetflixUITestsLaunchTests.swift */; };
		D677F18128A3828700254521 /* AuthViewModel.swift in Sources */ = {isa = PBXBuildFile; fileRef = D677F16C28A3828600254521 /* AuthViewModel.swift */; };
		D677F18228A3828700254521 /* LoadingView.swift in Sources */ = {isa = PBXBuildFile; fileRef = D677F16F28A3828600254521 /* LoadingView.swift */; };
		D677F18328A3828700254521 /* Config.swift in Sources */ = {isa = PBXBuildFile; fileRef = D677F17128A3828600254521 /* Config.swift */; };
		D677F18428A3828700254521 /* Constant.swift in Sources */ = {isa = PBXBuildFile; fileRef = D677F17328A3828600254521 /* Constant.swift */; };
		D677F18528A3828700254521 /* Raleway-Medium.ttf in Resources */ = {isa = PBXBuildFile; fileRef = D677F17528A3828600254521 /* Raleway-Medium.ttf */; };
		D677F18628A3828700254521 /* Raleway-Regular.ttf in Resources */ = {isa = PBXBuildFile; fileRef = D677F17628A3828600254521 /* Raleway-Regular.ttf */; };
		D677F18728A3828700254521 /* Raleway-Light.ttf in Resources */ = {isa = PBXBuildFile; fileRef = D677F17728A3828600254521 /* Raleway-Light.ttf */; };
		D677F18828A3828700254521 /* Raleway-Black.ttf in Resources */ = {isa = PBXBuildFile; fileRef = D677F17828A3828600254521 /* Raleway-Black.ttf */; };
		D677F18928A3828700254521 /* Raleway-Bold.ttf in Resources */ = {isa = PBXBuildFile; fileRef = D677F17928A3828600254521 /* Raleway-Bold.ttf */; };
		D677F18B28A3828700254521 /* AppwriteService.swift in Sources */ = {isa = PBXBuildFile; fileRef = D677F17E28A3828600254521 /* AppwriteService.swift */; };
		D6784D4A28AE4641003751DC /* WatchListView.swift in Sources */ = {isa = PBXBuildFile; fileRef = D6784D4928AE4641003751DC /* WatchListView.swift */; };
		D6784D4D28AE4689003751DC /* MovieGridView.swift in Sources */ = {isa = PBXBuildFile; fileRef = D6784D4C28AE4689003751DC /* MovieGridView.swift */; };
		D6D9732428ACE328009021D0 /* Appwrite in Frameworks */ = {isa = PBXBuildFile; productRef = D6D9732328ACE328009021D0 /* Appwrite */; };
		D6F0472B28A3BA9400C83469 /* MainView.swift in Sources */ = {isa = PBXBuildFile; fileRef = D6F0472A28A3BA9400C83469 /* MainView.swift */; };
		D6F0472D28A3BA9F00C83469 /* LoginView.swift in Sources */ = {isa = PBXBuildFile; fileRef = D6F0472C28A3BA9F00C83469 /* LoginView.swift */; };
		D6F0472F28A3BAAC00C83469 /* SignUpView.swift in Sources */ = {isa = PBXBuildFile; fileRef = D6F0472E28A3BAAC00C83469 /* SignUpView.swift */; };
		D6F0473128A3BAEC00C83469 /* SplashView.swift in Sources */ = {isa = PBXBuildFile; fileRef = D6F0473028A3BAEC00C83469 /* SplashView.swift */; };
		D6F0473428A3BB1700C83469 /* TitleView.swift in Sources */ = {isa = PBXBuildFile; fileRef = D6F0473328A3BB1700C83469 /* TitleView.swift */; };
		D6F0473A28A3BFC000C83469 /* CustomTextField.swift in Sources */ = {isa = PBXBuildFile; fileRef = D6F0473928A3BFC000C83469 /* CustomTextField.swift */; };
		D6F0473C28A3C2AF00C83469 /* CustomSecaureTextFieldView.swift in Sources */ = {isa = PBXBuildFile; fileRef = D6F0473B28A3C2AF00C83469 /* CustomSecaureTextFieldView.swift */; };
/* End PBXBuildFile section */

/* Begin PBXContainerItemProxy section */
		D677F14E28A3826500254521 /* PBXContainerItemProxy */ = {
			isa = PBXContainerItemProxy;
			containerPortal = D677F13528A3826300254521 /* Project object */;
			proxyType = 1;
			remoteGlobalIDString = D677F13C28A3826300254521;
			remoteInfo = Netflix;
		};
		D677F15828A3826500254521 /* PBXContainerItemProxy */ = {
			isa = PBXContainerItemProxy;
			containerPortal = D677F13528A3826300254521 /* Project object */;
			proxyType = 1;
			remoteGlobalIDString = D677F13C28A3826300254521;
			remoteInfo = Netflix;
		};
/* End PBXContainerItemProxy section */

/* Begin PBXFileReference section */
		054EE67749087D621BA62C92 /* Pods-Netflix-NetflixUITests.release.xcconfig */ = {isa = PBXFileReference; includeInIndex = 1; lastKnownFileType = text.xcconfig; name = "Pods-Netflix-NetflixUITests.release.xcconfig"; path = "Target Support Files/Pods-Netflix-NetflixUITests/Pods-Netflix-NetflixUITests.release.xcconfig"; sourceTree = "<group>"; };
		112D25B2748249162E3EF582 /* Pods_NetflixTests.framework */ = {isa = PBXFileReference; explicitFileType = wrapper.framework; includeInIndex = 0; path = Pods_NetflixTests.framework; sourceTree = BUILT_PRODUCTS_DIR; };
		17985524245B9BDDB99CCA30 /* Pods_Netflix_NetflixUITests.framework */ = {isa = PBXFileReference; explicitFileType = wrapper.framework; includeInIndex = 0; path = Pods_Netflix_NetflixUITests.framework; sourceTree = BUILT_PRODUCTS_DIR; };
		3672217DE84F45CC2AAF5200 /* Pods-Netflix.release.xcconfig */ = {isa = PBXFileReference; includeInIndex = 1; lastKnownFileType = text.xcconfig; name = "Pods-Netflix.release.xcconfig"; path = "Target Support Files/Pods-Netflix/Pods-Netflix.release.xcconfig"; sourceTree = "<group>"; };
		376F90A61E05CD96DF615B29 /* Pods_Netflix.framework */ = {isa = PBXFileReference; explicitFileType = wrapper.framework; includeInIndex = 0; path = Pods_Netflix.framework; sourceTree = BUILT_PRODUCTS_DIR; };
		5657118E3A0FA19C1EFEA2C4 /* Pods-Netflix.debug.xcconfig */ = {isa = PBXFileReference; includeInIndex = 1; lastKnownFileType = text.xcconfig; name = "Pods-Netflix.debug.xcconfig"; path = "Target Support Files/Pods-Netflix/Pods-Netflix.debug.xcconfig"; sourceTree = "<group>"; };
		90C9C685EE3ABC4EC17C9103 /* Pods-NetflixTests.debug.xcconfig */ = {isa = PBXFileReference; includeInIndex = 1; lastKnownFileType = text.xcconfig; name = "Pods-NetflixTests.debug.xcconfig"; path = "Target Support Files/Pods-NetflixTests/Pods-NetflixTests.debug.xcconfig"; sourceTree = "<group>"; };
		974BC5350792EB812FC66A5B /* Pods-NetflixTests.release.xcconfig */ = {isa = PBXFileReference; includeInIndex = 1; lastKnownFileType = text.xcconfig; name = "Pods-NetflixTests.release.xcconfig"; path = "Target Support Files/Pods-NetflixTests/Pods-NetflixTests.release.xcconfig"; sourceTree = "<group>"; };
		D658C62F28A6424C00001643 /* HomeView.swift */ = {isa = PBXFileReference; lastKnownFileType = sourcecode.swift; path = HomeView.swift; sourceTree = "<group>"; };
		D658C63228A657D300001643 /* MovieItemFeaturedView.swift */ = {isa = PBXFileReference; lastKnownFileType = sourcecode.swift; path = MovieItemFeaturedView.swift; sourceTree = "<group>"; };
		D658C63828A65A3500001643 /* MovieCollectionView.swift */ = {isa = PBXFileReference; lastKnownFileType = sourcecode.swift; path = MovieCollectionView.swift; sourceTree = "<group>"; };
		D658C63A28A65C9400001643 /* MovieModel.swift */ = {isa = PBXFileReference; lastKnownFileType = sourcecode.swift; path = MovieModel.swift; sourceTree = "<group>"; };
		D658C63C28A65CB400001643 /* WatchListModel.swift */ = {isa = PBXFileReference; lastKnownFileType = sourcecode.swift; path = WatchListModel.swift; sourceTree = "<group>"; };
		D658C63F28A65D6000001643 /* MovieViewModel.swift */ = {isa = PBXFileReference; lastKnownFileType = sourcecode.swift; path = MovieViewModel.swift; sourceTree = "<group>"; };
		D658C64428A66DB800001643 /* AppwriteCategoryModel.swift */ = {isa = PBXFileReference; lastKnownFileType = sourcecode.swift; path = AppwriteCategoryModel.swift; sourceTree = "<group>"; };
		D658C64728A671CD00001643 /* MovieItemThumbnailView.swift */ = {isa = PBXFileReference; lastKnownFileType = sourcecode.swift; path = MovieItemThumbnailView.swift; sourceTree = "<group>"; };
		D658C64B28A672AF00001643 /* MovieDetailsView.swift */ = {isa = PBXFileReference; lastKnownFileType = sourcecode.swift; path = MovieDetailsView.swift; sourceTree = "<group>"; };
		D677F13D28A3826300254521 /* Netflix.app */ = {isa = PBXFileReference; explicitFileType = wrapper.application; includeInIndex = 0; path = Netflix.app; sourceTree = BUILT_PRODUCTS_DIR; };
		D677F14028A3826300254521 /* NetflixApp.swift */ = {isa = PBXFileReference; lastKnownFileType = sourcecode.swift; path = NetflixApp.swift; sourceTree = "<group>"; };
		D677F14428A3826500254521 /* Assets.xcassets */ = {isa = PBXFileReference; lastKnownFileType = folder.assetcatalog; path = Assets.xcassets; sourceTree = "<group>"; };
		D677F14728A3826500254521 /* Preview Assets.xcassets */ = {isa = PBXFileReference; lastKnownFileType = folder.assetcatalog; path = "Preview Assets.xcassets"; sourceTree = "<group>"; };
		D677F14D28A3826500254521 /* NetflixTests.xctest */ = {isa = PBXFileReference; explicitFileType = wrapper.cfbundle; includeInIndex = 0; path = NetflixTests.xctest; sourceTree = BUILT_PRODUCTS_DIR; };
		D677F15128A3826500254521 /* NetflixTests.swift */ = {isa = PBXFileReference; lastKnownFileType = sourcecode.swift; path = NetflixTests.swift; sourceTree = "<group>"; };
		D677F15728A3826500254521 /* NetflixUITests.xctest */ = {isa = PBXFileReference; explicitFileType = wrapper.cfbundle; includeInIndex = 0; path = NetflixUITests.xctest; sourceTree = BUILT_PRODUCTS_DIR; };
		D677F15B28A3826500254521 /* NetflixUITests.swift */ = {isa = PBXFileReference; lastKnownFileType = sourcecode.swift; path = NetflixUITests.swift; sourceTree = "<group>"; };
		D677F15D28A3826500254521 /* NetflixUITestsLaunchTests.swift */ = {isa = PBXFileReference; lastKnownFileType = sourcecode.swift; path = NetflixUITestsLaunchTests.swift; sourceTree = "<group>"; };
		D677F16C28A3828600254521 /* AuthViewModel.swift */ = {isa = PBXFileReference; fileEncoding = 4; lastKnownFileType = sourcecode.swift; path = AuthViewModel.swift; sourceTree = "<group>"; };
		D677F16F28A3828600254521 /* LoadingView.swift */ = {isa = PBXFileReference; fileEncoding = 4; lastKnownFileType = sourcecode.swift; path = LoadingView.swift; sourceTree = "<group>"; };
		D677F17128A3828600254521 /* Config.swift */ = {isa = PBXFileReference; fileEncoding = 4; lastKnownFileType = sourcecode.swift; path = Config.swift; sourceTree = "<group>"; };
		D677F17328A3828600254521 /* Constant.swift */ = {isa = PBXFileReference; fileEncoding = 4; lastKnownFileType = sourcecode.swift; path = Constant.swift; sourceTree = "<group>"; };
		D677F17528A3828600254521 /* Raleway-Medium.ttf */ = {isa = PBXFileReference; lastKnownFileType = file; path = "Raleway-Medium.ttf"; sourceTree = "<group>"; };
		D677F17628A3828600254521 /* Raleway-Regular.ttf */ = {isa = PBXFileReference; lastKnownFileType = file; path = "Raleway-Regular.ttf"; sourceTree = "<group>"; };
		D677F17728A3828600254521 /* Raleway-Light.ttf */ = {isa = PBXFileReference; lastKnownFileType = file; path = "Raleway-Light.ttf"; sourceTree = "<group>"; };
		D677F17828A3828600254521 /* Raleway-Black.ttf */ = {isa = PBXFileReference; lastKnownFileType = file; path = "Raleway-Black.ttf"; sourceTree = "<group>"; };
		D677F17928A3828600254521 /* Raleway-Bold.ttf */ = {isa = PBXFileReference; lastKnownFileType = file; path = "Raleway-Bold.ttf"; sourceTree = "<group>"; };
		D677F17E28A3828600254521 /* AppwriteService.swift */ = {isa = PBXFileReference; fileEncoding = 4; lastKnownFileType = sourcecode.swift; path = AppwriteService.swift; sourceTree = "<group>"; };
		D6784D4928AE4641003751DC /* WatchListView.swift */ = {isa = PBXFileReference; lastKnownFileType = sourcecode.swift; path = WatchListView.swift; sourceTree = "<group>"; };
		D6784D4C28AE4689003751DC /* MovieGridView.swift */ = {isa = PBXFileReference; lastKnownFileType = sourcecode.swift; path = MovieGridView.swift; sourceTree = "<group>"; };
		D6F0472A28A3BA9400C83469 /* MainView.swift */ = {isa = PBXFileReference; lastKnownFileType = sourcecode.swift; path = MainView.swift; sourceTree = "<group>"; };
		D6F0472C28A3BA9F00C83469 /* LoginView.swift */ = {isa = PBXFileReference; lastKnownFileType = sourcecode.swift; path = LoginView.swift; sourceTree = "<group>"; };
		D6F0472E28A3BAAC00C83469 /* SignUpView.swift */ = {isa = PBXFileReference; lastKnownFileType = sourcecode.swift; path = SignUpView.swift; sourceTree = "<group>"; };
		D6F0473028A3BAEC00C83469 /* SplashView.swift */ = {isa = PBXFileReference; lastKnownFileType = sourcecode.swift; path = SplashView.swift; sourceTree = "<group>"; };
		D6F0473328A3BB1700C83469 /* TitleView.swift */ = {isa = PBXFileReference; lastKnownFileType = sourcecode.swift; path = TitleView.swift; sourceTree = "<group>"; };
		D6F0473928A3BFC000C83469 /* CustomTextField.swift */ = {isa = PBXFileReference; fileEncoding = 4; lastKnownFileType = sourcecode.swift; path = CustomTextField.swift; sourceTree = "<group>"; };
		D6F0473B28A3C2AF00C83469 /* CustomSecaureTextFieldView.swift */ = {isa = PBXFileReference; lastKnownFileType = sourcecode.swift; path = CustomSecaureTextFieldView.swift; sourceTree = "<group>"; };
		D973068B857E39FC6A03244F /* Pods-Netflix-NetflixUITests.debug.xcconfig */ = {isa = PBXFileReference; includeInIndex = 1; lastKnownFileType = text.xcconfig; name = "Pods-Netflix-NetflixUITests.debug.xcconfig"; path = "Target Support Files/Pods-Netflix-NetflixUITests/Pods-Netflix-NetflixUITests.debug.xcconfig"; sourceTree = "<group>"; };
/* End PBXFileReference section */

/* Begin PBXFrameworksBuildPhase section */
		D677F13A28A3826300254521 /* Frameworks */ = {
			isa = PBXFrameworksBuildPhase;
			buildActionMask = 2147483647;
			files = (
				D6D9732428ACE328009021D0 /* Appwrite in Frameworks */,
				D658C63628A6582D00001643 /* Kingfisher in Frameworks */,
				AA3139FE3C0D1CD4889B2D03 /* Pods_Netflix.framework in Frameworks */,
			);
			runOnlyForDeploymentPostprocessing = 0;
		};
		D677F14A28A3826500254521 /* Frameworks */ = {
			isa = PBXFrameworksBuildPhase;
			buildActionMask = 2147483647;
			files = (
				3683346DF976C9320A244AAA /* Pods_NetflixTests.framework in Frameworks */,
			);
			runOnlyForDeploymentPostprocessing = 0;
		};
		D677F15428A3826500254521 /* Frameworks */ = {
			isa = PBXFrameworksBuildPhase;
			buildActionMask = 2147483647;
			files = (
				9D5FBB554A2D7EB6015CBB96 /* Pods_Netflix_NetflixUITests.framework in Frameworks */,
			);
			runOnlyForDeploymentPostprocessing = 0;
		};
/* End PBXFrameworksBuildPhase section */

/* Begin PBXGroup section */
		3D89B2CA7EFD1FAFBCCF7B88 /* Frameworks */ = {
			isa = PBXGroup;
			children = (
				376F90A61E05CD96DF615B29 /* Pods_Netflix.framework */,
				17985524245B9BDDB99CCA30 /* Pods_Netflix_NetflixUITests.framework */,
				112D25B2748249162E3EF582 /* Pods_NetflixTests.framework */,
			);
			name = Frameworks;
			sourceTree = "<group>";
		};
		D658C62E28A6423800001643 /* HomeView */ = {
			isa = PBXGroup;
			children = (
				D658C62F28A6424C00001643 /* HomeView.swift */,
			);
			path = HomeView;
			sourceTree = "<group>";
		};
		D658C63128A657AE00001643 /* MovieItemFeaturedView */ = {
			isa = PBXGroup;
			children = (
				D658C63228A657D300001643 /* MovieItemFeaturedView.swift */,
			);
			path = MovieItemFeaturedView;
			sourceTree = "<group>";
		};
		D658C63728A65A1C00001643 /* MovieCollectionView */ = {
			isa = PBXGroup;
			children = (
				D658C63828A65A3500001643 /* MovieCollectionView.swift */,
			);
			path = MovieCollectionView;
			sourceTree = "<group>";
		};
		D658C63E28A65D4B00001643 /* MovieViewModel */ = {
			isa = PBXGroup;
			children = (
				D658C63F28A65D6000001643 /* MovieViewModel.swift */,
			);
			path = MovieViewModel;
			sourceTree = "<group>";
		};
		D658C64628A671BA00001643 /* MovieItemThumbnailView */ = {
			isa = PBXGroup;
			children = (
				D658C64728A671CD00001643 /* MovieItemThumbnailView.swift */,
			);
			path = MovieItemThumbnailView;
			sourceTree = "<group>";
		};
		D658C64928A6725100001643 /* MovieList */ = {
			isa = PBXGroup;
			children = (
				D658C64628A671BA00001643 /* MovieItemThumbnailView */,
				D658C63728A65A1C00001643 /* MovieCollectionView */,
				D658C63128A657AE00001643 /* MovieItemFeaturedView */,
			);
			path = MovieList;
			sourceTree = "<group>";
		};
		D658C64A28A6726A00001643 /* MovieDetails */ = {
			isa = PBXGroup;
			children = (
				D658C64D28A672B400001643 /* MovieDetailsView */,
			);
			path = MovieDetails;
			sourceTree = "<group>";
		};
		D658C64D28A672B400001643 /* MovieDetailsView */ = {
			isa = PBXGroup;
			children = (
				D658C64B28A672AF00001643 /* MovieDetailsView.swift */,
			);
			path = MovieDetailsView;
			sourceTree = "<group>";
		};
		D677F13428A3826300254521 = {
			isa = PBXGroup;
			children = (
				D677F13F28A3826300254521 /* Netflix */,
				D677F15028A3826500254521 /* NetflixTests */,
				D677F15A28A3826500254521 /* NetflixUITests */,
				D677F13E28A3826300254521 /* Products */,
				D6DB9E9DBE74073B9CB27200 /* Pods */,
				3D89B2CA7EFD1FAFBCCF7B88 /* Frameworks */,
			);
			sourceTree = "<group>";
		};
		D677F13E28A3826300254521 /* Products */ = {
			isa = PBXGroup;
			children = (
				D677F13D28A3826300254521 /* Netflix.app */,
				D677F14D28A3826500254521 /* NetflixTests.xctest */,
				D677F15728A3826500254521 /* NetflixUITests.xctest */,
			);
			name = Products;
			sourceTree = "<group>";
		};
		D677F13F28A3826300254521 /* Netflix */ = {
			isa = PBXGroup;
			children = (
				D677F16D28A3828600254521 /* Helper */,
				D677F17F28A3828700254521 /* Model */,
				D677F17C28A3828600254521 /* Services */,
				D677F16A28A3828600254521 /* ViewModel */,
				D677F17A28A3828600254521 /* Views */,
				D677F14028A3826300254521 /* NetflixApp.swift */,
				D677F14428A3826500254521 /* Assets.xcassets */,
				D677F14628A3826500254521 /* Preview Content */,
			);
			path = Netflix;
			sourceTree = "<group>";
		};
		D677F14628A3826500254521 /* Preview Content */ = {
			isa = PBXGroup;
			children = (
				D677F14728A3826500254521 /* Preview Assets.xcassets */,
			);
			path = "Preview Content";
			sourceTree = "<group>";
		};
		D677F15028A3826500254521 /* NetflixTests */ = {
			isa = PBXGroup;
			children = (
				D677F15128A3826500254521 /* NetflixTests.swift */,
			);
			path = NetflixTests;
			sourceTree = "<group>";
		};
		D677F15A28A3826500254521 /* NetflixUITests */ = {
			isa = PBXGroup;
			children = (
				D677F15B28A3826500254521 /* NetflixUITests.swift */,
				D677F15D28A3826500254521 /* NetflixUITestsLaunchTests.swift */,
			);
			path = NetflixUITests;
			sourceTree = "<group>";
		};
		D677F16A28A3828600254521 /* ViewModel */ = {
			isa = PBXGroup;
			children = (
				D658C63E28A65D4B00001643 /* MovieViewModel */,
				D677F16B28A3828600254521 /* AuthViewModel */,
			);
			path = ViewModel;
			sourceTree = "<group>";
		};
		D677F16B28A3828600254521 /* AuthViewModel */ = {
			isa = PBXGroup;
			children = (
				D677F16C28A3828600254521 /* AuthViewModel.swift */,
			);
			path = AuthViewModel;
			sourceTree = "<group>";
		};
		D677F16D28A3828600254521 /* Helper */ = {
			isa = PBXGroup;
			children = (
				D677F16E28A3828600254521 /* CommonClass */,
				D677F17028A3828600254521 /* Config */,
				D677F17228A3828600254521 /* Constant */,
				D677F17428A3828600254521 /* Font */,
			);
			path = Helper;
			sourceTree = "<group>";
		};
		D677F16E28A3828600254521 /* CommonClass */ = {
			isa = PBXGroup;
			children = (
				D6F0473928A3BFC000C83469 /* CustomTextField.swift */,
				D677F16F28A3828600254521 /* LoadingView.swift */,
				D6F0473B28A3C2AF00C83469 /* CustomSecaureTextFieldView.swift */,
			);
			path = CommonClass;
			sourceTree = "<group>";
		};
		D677F17028A3828600254521 /* Config */ = {
			isa = PBXGroup;
			children = (
				D677F17128A3828600254521 /* Config.swift */,
			);
			path = Config;
			sourceTree = "<group>";
		};
		D677F17228A3828600254521 /* Constant */ = {
			isa = PBXGroup;
			children = (
				D677F17328A3828600254521 /* Constant.swift */,
			);
			path = Constant;
			sourceTree = "<group>";
		};
		D677F17428A3828600254521 /* Font */ = {
			isa = PBXGroup;
			children = (
				D677F17528A3828600254521 /* Raleway-Medium.ttf */,
				D677F17628A3828600254521 /* Raleway-Regular.ttf */,
				D677F17728A3828600254521 /* Raleway-Light.ttf */,
				D677F17828A3828600254521 /* Raleway-Black.ttf */,
				D677F17928A3828600254521 /* Raleway-Bold.ttf */,
			);
			path = Font;
			sourceTree = "<group>";
		};
		D677F17A28A3828600254521 /* Views */ = {
			isa = PBXGroup;
			children = (
				D6784D4B28AE4674003751DC /* MovieGridView */,
				D6784D4828AE462E003751DC /* WatchListView */,
				D658C64A28A6726A00001643 /* MovieDetails */,
				D658C64928A6725100001643 /* MovieList */,
				D658C62E28A6423800001643 /* HomeView */,
				D6F0473228A3BB0300C83469 /* TitleView */,
				D6F0472928A3BA6900C83469 /* SignUpView */,
				D6F0472828A3BA6000C83469 /* LoginView */,
				D6F0472728A3BA5100C83469 /* MainView */,
				D6F0472628A3BA4700C83469 /* SplashView */,
			);
			path = Views;
			sourceTree = "<group>";
		};
		D677F17C28A3828600254521 /* Services */ = {
			isa = PBXGroup;
			children = (
				D677F17D28A3828600254521 /* AppwriteService */,
			);
			path = Services;
			sourceTree = "<group>";
		};
		D677F17D28A3828600254521 /* AppwriteService */ = {
			isa = PBXGroup;
			children = (
				D677F17E28A3828600254521 /* AppwriteService.swift */,
			);
			path = AppwriteService;
			sourceTree = "<group>";
		};
		D677F17F28A3828700254521 /* Model */ = {
			isa = PBXGroup;
			children = (
				D658C63A28A65C9400001643 /* MovieModel.swift */,
				D658C63C28A65CB400001643 /* WatchListModel.swift */,
				D658C64428A66DB800001643 /* AppwriteCategoryModel.swift */,
			);
			path = Model;
			sourceTree = "<group>";
		};
		D6784D4828AE462E003751DC /* WatchListView */ = {
			isa = PBXGroup;
			children = (
				D6784D4928AE4641003751DC /* WatchListView.swift */,
			);
			path = WatchListView;
			sourceTree = "<group>";
		};
		D6784D4B28AE4674003751DC /* MovieGridView */ = {
			isa = PBXGroup;
			children = (
				D6784D4C28AE4689003751DC /* MovieGridView.swift */,
			);
			path = MovieGridView;
			sourceTree = "<group>";
		};
		D6DB9E9DBE74073B9CB27200 /* Pods */ = {
			isa = PBXGroup;
			children = (
				5657118E3A0FA19C1EFEA2C4 /* Pods-Netflix.debug.xcconfig */,
				3672217DE84F45CC2AAF5200 /* Pods-Netflix.release.xcconfig */,
				D973068B857E39FC6A03244F /* Pods-Netflix-NetflixUITests.debug.xcconfig */,
				054EE67749087D621BA62C92 /* Pods-Netflix-NetflixUITests.release.xcconfig */,
				90C9C685EE3ABC4EC17C9103 /* Pods-NetflixTests.debug.xcconfig */,
				974BC5350792EB812FC66A5B /* Pods-NetflixTests.release.xcconfig */,
			);
			path = Pods;
			sourceTree = "<group>";
		};
		D6F0472628A3BA4700C83469 /* SplashView */ = {
			isa = PBXGroup;
			children = (
				D6F0473028A3BAEC00C83469 /* SplashView.swift */,
			);
			path = SplashView;
			sourceTree = "<group>";
		};
		D6F0472728A3BA5100C83469 /* MainView */ = {
			isa = PBXGroup;
			children = (
				D6F0472A28A3BA9400C83469 /* MainView.swift */,
			);
			path = MainView;
			sourceTree = "<group>";
		};
		D6F0472828A3BA6000C83469 /* LoginView */ = {
			isa = PBXGroup;
			children = (
				D6F0472C28A3BA9F00C83469 /* LoginView.swift */,
			);
			path = LoginView;
			sourceTree = "<group>";
		};
		D6F0472928A3BA6900C83469 /* SignUpView */ = {
			isa = PBXGroup;
			children = (
				D6F0472E28A3BAAC00C83469 /* SignUpView.swift */,
			);
			path = SignUpView;
			sourceTree = "<group>";
		};
		D6F0473228A3BB0300C83469 /* TitleView */ = {
			isa = PBXGroup;
			children = (
				D6F0473328A3BB1700C83469 /* TitleView.swift */,
			);
			path = TitleView;
			sourceTree = "<group>";
		};
/* End PBXGroup section */

/* Begin PBXNativeTarget section */
		D677F13C28A3826300254521 /* Netflix */ = {
			isa = PBXNativeTarget;
			buildConfigurationList = D677F16128A3826500254521 /* Build configuration list for PBXNativeTarget "Netflix" */;
			buildPhases = (
				554261D456DF6AF0F79F7A07 /* [CP] Check Pods Manifest.lock */,
				D677F13928A3826300254521 /* Sources */,
				D677F13A28A3826300254521 /* Frameworks */,
				D677F13B28A3826300254521 /* Resources */,
				8EF2985E8A55F7FCA0CF661C /* [CP] Embed Pods Frameworks */,
			);
			buildRules = (
			);
			dependencies = (
			);
			name = Netflix;
			packageProductDependencies = (
				D658C63528A6582D00001643 /* Kingfisher */,
				D6D9732328ACE328009021D0 /* Appwrite */,
			);
			productName = Netflix;
			productReference = D677F13D28A3826300254521 /* Netflix.app */;
			productType = "com.apple.product-type.application";
		};
		D677F14C28A3826500254521 /* NetflixTests */ = {
			isa = PBXNativeTarget;
			buildConfigurationList = D677F16428A3826500254521 /* Build configuration list for PBXNativeTarget "NetflixTests" */;
			buildPhases = (
				CC638081CC240DD4DDB1272D /* [CP] Check Pods Manifest.lock */,
				D677F14928A3826500254521 /* Sources */,
				D677F14A28A3826500254521 /* Frameworks */,
				D677F14B28A3826500254521 /* Resources */,
			);
			buildRules = (
			);
			dependencies = (
				D677F14F28A3826500254521 /* PBXTargetDependency */,
			);
			name = NetflixTests;
			productName = NetflixTests;
			productReference = D677F14D28A3826500254521 /* NetflixTests.xctest */;
			productType = "com.apple.product-type.bundle.unit-test";
		};
		D677F15628A3826500254521 /* NetflixUITests */ = {
			isa = PBXNativeTarget;
			buildConfigurationList = D677F16728A3826500254521 /* Build configuration list for PBXNativeTarget "NetflixUITests" */;
			buildPhases = (
				5C79DFDDB49554E08B2553F8 /* [CP] Check Pods Manifest.lock */,
				D677F15328A3826500254521 /* Sources */,
				D677F15428A3826500254521 /* Frameworks */,
				D677F15528A3826500254521 /* Resources */,
				86417C31D8AD237E2FED5B0A /* [CP] Embed Pods Frameworks */,
			);
			buildRules = (
			);
			dependencies = (
				D677F15928A3826500254521 /* PBXTargetDependency */,
			);
			name = NetflixUITests;
			productName = NetflixUITests;
			productReference = D677F15728A3826500254521 /* NetflixUITests.xctest */;
			productType = "com.apple.product-type.bundle.ui-testing";
		};
/* End PBXNativeTarget section */

/* Begin PBXProject section */
		D677F13528A3826300254521 /* Project object */ = {
			isa = PBXProject;
			attributes = {
				BuildIndependentTargetsInParallel = 1;
				LastSwiftUpdateCheck = 1320;
				LastUpgradeCheck = 1320;
				TargetAttributes = {
					D677F13C28A3826300254521 = {
						CreatedOnToolsVersion = 13.2.1;
					};
					D677F14C28A3826500254521 = {
						CreatedOnToolsVersion = 13.2.1;
						TestTargetID = D677F13C28A3826300254521;
					};
					D677F15628A3826500254521 = {
						CreatedOnToolsVersion = 13.2.1;
						TestTargetID = D677F13C28A3826300254521;
					};
				};
			};
			buildConfigurationList = D677F13828A3826300254521 /* Build configuration list for PBXProject "Netflix" */;
			compatibilityVersion = "Xcode 13.0";
			developmentRegion = en;
			hasScannedForEncodings = 0;
			knownRegions = (
				en,
				Base,
			);
			mainGroup = D677F13428A3826300254521;
			packageReferences = (
				D658C63428A6582D00001643 /* XCRemoteSwiftPackageReference "Kingfisher" */,
				D6D9732228ACE328009021D0 /* XCRemoteSwiftPackageReference "sdk-for-apple" */,
			);
			productRefGroup = D677F13E28A3826300254521 /* Products */;
			projectDirPath = "";
			projectRoot = "";
			targets = (
				D677F13C28A3826300254521 /* Netflix */,
				D677F14C28A3826500254521 /* NetflixTests */,
				D677F15628A3826500254521 /* NetflixUITests */,
			);
		};
/* End PBXProject section */

/* Begin PBXResourcesBuildPhase section */
		D677F13B28A3826300254521 /* Resources */ = {
			isa = PBXResourcesBuildPhase;
			buildActionMask = 2147483647;
			files = (
				D677F18928A3828700254521 /* Raleway-Bold.ttf in Resources */,
				D677F14828A3826500254521 /* Preview Assets.xcassets in Resources */,
				D677F18728A3828700254521 /* Raleway-Light.ttf in Resources */,
				D677F18828A3828700254521 /* Raleway-Black.ttf in Resources */,
				D677F18528A3828700254521 /* Raleway-Medium.ttf in Resources */,
				D677F14528A3826500254521 /* Assets.xcassets in Resources */,
				D677F18628A3828700254521 /* Raleway-Regular.ttf in Resources */,
			);
			runOnlyForDeploymentPostprocessing = 0;
		};
		D677F14B28A3826500254521 /* Resources */ = {
			isa = PBXResourcesBuildPhase;
			buildActionMask = 2147483647;
			files = (
			);
			runOnlyForDeploymentPostprocessing = 0;
		};
		D677F15528A3826500254521 /* Resources */ = {
			isa = PBXResourcesBuildPhase;
			buildActionMask = 2147483647;
			files = (
			);
			runOnlyForDeploymentPostprocessing = 0;
		};
/* End PBXResourcesBuildPhase section */

/* Begin PBXShellScriptBuildPhase section */
		554261D456DF6AF0F79F7A07 /* [CP] Check Pods Manifest.lock */ = {
			isa = PBXShellScriptBuildPhase;
			buildActionMask = 2147483647;
			files = (
			);
			inputFileListPaths = (
			);
			inputPaths = (
				"${PODS_PODFILE_DIR_PATH}/Podfile.lock",
				"${PODS_ROOT}/Manifest.lock",
			);
			name = "[CP] Check Pods Manifest.lock";
			outputFileListPaths = (
			);
			outputPaths = (
				"$(DERIVED_FILE_DIR)/Pods-Netflix-checkManifestLockResult.txt",
			);
			runOnlyForDeploymentPostprocessing = 0;
			shellPath = /bin/sh;
			shellScript = "diff \"${PODS_PODFILE_DIR_PATH}/Podfile.lock\" \"${PODS_ROOT}/Manifest.lock\" > /dev/null\nif [ $? != 0 ] ; then\n    # print error to STDERR\n    echo \"error: The sandbox is not in sync with the Podfile.lock. Run 'pod install' or update your CocoaPods installation.\" >&2\n    exit 1\nfi\n# This output is used by Xcode 'outputs' to avoid re-running this script phase.\necho \"SUCCESS\" > \"${SCRIPT_OUTPUT_FILE_0}\"\n";
			showEnvVarsInLog = 0;
		};
		5C79DFDDB49554E08B2553F8 /* [CP] Check Pods Manifest.lock */ = {
			isa = PBXShellScriptBuildPhase;
			buildActionMask = 2147483647;
			files = (
			);
			inputFileListPaths = (
			);
			inputPaths = (
				"${PODS_PODFILE_DIR_PATH}/Podfile.lock",
				"${PODS_ROOT}/Manifest.lock",
			);
			name = "[CP] Check Pods Manifest.lock";
			outputFileListPaths = (
			);
			outputPaths = (
				"$(DERIVED_FILE_DIR)/Pods-Netflix-NetflixUITests-checkManifestLockResult.txt",
			);
			runOnlyForDeploymentPostprocessing = 0;
			shellPath = /bin/sh;
			shellScript = "diff \"${PODS_PODFILE_DIR_PATH}/Podfile.lock\" \"${PODS_ROOT}/Manifest.lock\" > /dev/null\nif [ $? != 0 ] ; then\n    # print error to STDERR\n    echo \"error: The sandbox is not in sync with the Podfile.lock. Run 'pod install' or update your CocoaPods installation.\" >&2\n    exit 1\nfi\n# This output is used by Xcode 'outputs' to avoid re-running this script phase.\necho \"SUCCESS\" > \"${SCRIPT_OUTPUT_FILE_0}\"\n";
			showEnvVarsInLog = 0;
		};
		86417C31D8AD237E2FED5B0A /* [CP] Embed Pods Frameworks */ = {
			isa = PBXShellScriptBuildPhase;
			buildActionMask = 2147483647;
			files = (
			);
			inputFileListPaths = (
				"${PODS_ROOT}/Target Support Files/Pods-Netflix-NetflixUITests/Pods-Netflix-NetflixUITests-frameworks-${CONFIGURATION}-input-files.xcfilelist",
			);
			name = "[CP] Embed Pods Frameworks";
			outputFileListPaths = (
				"${PODS_ROOT}/Target Support Files/Pods-Netflix-NetflixUITests/Pods-Netflix-NetflixUITests-frameworks-${CONFIGURATION}-output-files.xcfilelist",
			);
			runOnlyForDeploymentPostprocessing = 0;
			shellPath = /bin/sh;
			shellScript = "\"${PODS_ROOT}/Target Support Files/Pods-Netflix-NetflixUITests/Pods-Netflix-NetflixUITests-frameworks.sh\"\n";
			showEnvVarsInLog = 0;
		};
		8EF2985E8A55F7FCA0CF661C /* [CP] Embed Pods Frameworks */ = {
			isa = PBXShellScriptBuildPhase;
			buildActionMask = 2147483647;
			files = (
			);
			inputFileListPaths = (
				"${PODS_ROOT}/Target Support Files/Pods-Netflix/Pods-Netflix-frameworks-${CONFIGURATION}-input-files.xcfilelist",
			);
			name = "[CP] Embed Pods Frameworks";
			outputFileListPaths = (
				"${PODS_ROOT}/Target Support Files/Pods-Netflix/Pods-Netflix-frameworks-${CONFIGURATION}-output-files.xcfilelist",
			);
			runOnlyForDeploymentPostprocessing = 0;
			shellPath = /bin/sh;
			shellScript = "\"${PODS_ROOT}/Target Support Files/Pods-Netflix/Pods-Netflix-frameworks.sh\"\n";
			showEnvVarsInLog = 0;
		};
		CC638081CC240DD4DDB1272D /* [CP] Check Pods Manifest.lock */ = {
			isa = PBXShellScriptBuildPhase;
			buildActionMask = 2147483647;
			files = (
			);
			inputFileListPaths = (
			);
			inputPaths = (
				"${PODS_PODFILE_DIR_PATH}/Podfile.lock",
				"${PODS_ROOT}/Manifest.lock",
			);
			name = "[CP] Check Pods Manifest.lock";
			outputFileListPaths = (
			);
			outputPaths = (
				"$(DERIVED_FILE_DIR)/Pods-NetflixTests-checkManifestLockResult.txt",
			);
			runOnlyForDeploymentPostprocessing = 0;
			shellPath = /bin/sh;
			shellScript = "diff \"${PODS_PODFILE_DIR_PATH}/Podfile.lock\" \"${PODS_ROOT}/Manifest.lock\" > /dev/null\nif [ $? != 0 ] ; then\n    # print error to STDERR\n    echo \"error: The sandbox is not in sync with the Podfile.lock. Run 'pod install' or update your CocoaPods installation.\" >&2\n    exit 1\nfi\n# This output is used by Xcode 'outputs' to avoid re-running this script phase.\necho \"SUCCESS\" > \"${SCRIPT_OUTPUT_FILE_0}\"\n";
			showEnvVarsInLog = 0;
		};
/* End PBXShellScriptBuildPhase section */

/* Begin PBXSourcesBuildPhase section */
		D677F13928A3826300254521 /* Sources */ = {
			isa = PBXSourcesBuildPhase;
			buildActionMask = 2147483647;
			files = (
				D658C63328A657D300001643 /* MovieItemFeaturedView.swift in Sources */,
				D6F0473A28A3BFC000C83469 /* CustomTextField.swift in Sources */,
				D658C64C28A672AF00001643 /* MovieDetailsView.swift in Sources */,
				D658C63B28A65C9400001643 /* MovieModel.swift in Sources */,
				D6F0473128A3BAEC00C83469 /* SplashView.swift in Sources */,
				D658C63028A6424C00001643 /* HomeView.swift in Sources */,
				D658C63D28A65CB400001643 /* WatchListModel.swift in Sources */,
				D6F0472B28A3BA9400C83469 /* MainView.swift in Sources */,
				D658C64028A65D6000001643 /* MovieViewModel.swift in Sources */,
				D658C64828A671CD00001643 /* MovieItemThumbnailView.swift in Sources */,
				D677F18228A3828700254521 /* LoadingView.swift in Sources */,
				D6F0472D28A3BA9F00C83469 /* LoginView.swift in Sources */,
				D677F18328A3828700254521 /* Config.swift in Sources */,
				D6784D4A28AE4641003751DC /* WatchListView.swift in Sources */,
				D677F14128A3826300254521 /* NetflixApp.swift in Sources */,
				D6F0472F28A3BAAC00C83469 /* SignUpView.swift in Sources */,
				D6F0473C28A3C2AF00C83469 /* CustomSecaureTextFieldView.swift in Sources */,
				D677F18B28A3828700254521 /* AppwriteService.swift in Sources */,
				D677F18128A3828700254521 /* AuthViewModel.swift in Sources */,
				D658C63928A65A3500001643 /* MovieCollectionView.swift in Sources */,
				D658C64528A66DB800001643 /* AppwriteCategoryModel.swift in Sources */,
				D677F18428A3828700254521 /* Constant.swift in Sources */,
				D6F0473428A3BB1700C83469 /* TitleView.swift in Sources */,
				D6784D4D28AE4689003751DC /* MovieGridView.swift in Sources */,
			);
			runOnlyForDeploymentPostprocessing = 0;
		};
		D677F14928A3826500254521 /* Sources */ = {
			isa = PBXSourcesBuildPhase;
			buildActionMask = 2147483647;
			files = (
				D677F15228A3826500254521 /* NetflixTests.swift in Sources */,
			);
			runOnlyForDeploymentPostprocessing = 0;
		};
		D677F15328A3826500254521 /* Sources */ = {
			isa = PBXSourcesBuildPhase;
			buildActionMask = 2147483647;
			files = (
				D677F15C28A3826500254521 /* NetflixUITests.swift in Sources */,
				D677F15E28A3826500254521 /* NetflixUITestsLaunchTests.swift in Sources */,
			);
			runOnlyForDeploymentPostprocessing = 0;
		};
/* End PBXSourcesBuildPhase section */

/* Begin PBXTargetDependency section */
		D677F14F28A3826500254521 /* PBXTargetDependency */ = {
			isa = PBXTargetDependency;
			target = D677F13C28A3826300254521 /* Netflix */;
			targetProxy = D677F14E28A3826500254521 /* PBXContainerItemProxy */;
		};
		D677F15928A3826500254521 /* PBXTargetDependency */ = {
			isa = PBXTargetDependency;
			target = D677F13C28A3826300254521 /* Netflix */;
			targetProxy = D677F15828A3826500254521 /* PBXContainerItemProxy */;
		};
/* End PBXTargetDependency section */

/* Begin XCBuildConfiguration section */
		D677F15F28A3826500254521 /* Debug */ = {
			isa = XCBuildConfiguration;
			buildSettings = {
				ALWAYS_SEARCH_USER_PATHS = NO;
				CLANG_ANALYZER_NONNULL = YES;
				CLANG_ANALYZER_NUMBER_OBJECT_CONVERSION = YES_AGGRESSIVE;
				CLANG_CXX_LANGUAGE_STANDARD = "gnu++17";
				CLANG_CXX_LIBRARY = "libc++";
				CLANG_ENABLE_MODULES = YES;
				CLANG_ENABLE_OBJC_ARC = YES;
				CLANG_ENABLE_OBJC_WEAK = YES;
				CLANG_WARN_BLOCK_CAPTURE_AUTORELEASING = YES;
				CLANG_WARN_BOOL_CONVERSION = YES;
				CLANG_WARN_COMMA = YES;
				CLANG_WARN_CONSTANT_CONVERSION = YES;
				CLANG_WARN_DEPRECATED_OBJC_IMPLEMENTATIONS = YES;
				CLANG_WARN_DIRECT_OBJC_ISA_USAGE = YES_ERROR;
				CLANG_WARN_DOCUMENTATION_COMMENTS = YES;
				CLANG_WARN_EMPTY_BODY = YES;
				CLANG_WARN_ENUM_CONVERSION = YES;
				CLANG_WARN_INFINITE_RECURSION = YES;
				CLANG_WARN_INT_CONVERSION = YES;
				CLANG_WARN_NON_LITERAL_NULL_CONVERSION = YES;
				CLANG_WARN_OBJC_IMPLICIT_RETAIN_SELF = YES;
				CLANG_WARN_OBJC_LITERAL_CONVERSION = YES;
				CLANG_WARN_OBJC_ROOT_CLASS = YES_ERROR;
				CLANG_WARN_QUOTED_INCLUDE_IN_FRAMEWORK_HEADER = YES;
				CLANG_WARN_RANGE_LOOP_ANALYSIS = YES;
				CLANG_WARN_STRICT_PROTOTYPES = YES;
				CLANG_WARN_SUSPICIOUS_MOVE = YES;
				CLANG_WARN_UNGUARDED_AVAILABILITY = YES_AGGRESSIVE;
				CLANG_WARN_UNREACHABLE_CODE = YES;
				CLANG_WARN__DUPLICATE_METHOD_MATCH = YES;
				COPY_PHASE_STRIP = NO;
				DEBUG_INFORMATION_FORMAT = dwarf;
				ENABLE_STRICT_OBJC_MSGSEND = YES;
				ENABLE_TESTABILITY = YES;
				GCC_C_LANGUAGE_STANDARD = gnu11;
				GCC_DYNAMIC_NO_PIC = NO;
				GCC_NO_COMMON_BLOCKS = YES;
				GCC_OPTIMIZATION_LEVEL = 0;
				GCC_PREPROCESSOR_DEFINITIONS = (
					"DEBUG=1",
					"$(inherited)",
				);
				GCC_WARN_64_TO_32_BIT_CONVERSION = YES;
				GCC_WARN_ABOUT_RETURN_TYPE = YES_ERROR;
				GCC_WARN_UNDECLARED_SELECTOR = YES;
				GCC_WARN_UNINITIALIZED_AUTOS = YES_AGGRESSIVE;
				GCC_WARN_UNUSED_FUNCTION = YES;
				GCC_WARN_UNUSED_VARIABLE = YES;
				IPHONEOS_DEPLOYMENT_TARGET = 15.2;
				MTL_ENABLE_DEBUG_INFO = INCLUDE_SOURCE;
				MTL_FAST_MATH = YES;
				ONLY_ACTIVE_ARCH = YES;
				SDKROOT = iphoneos;
				SWIFT_ACTIVE_COMPILATION_CONDITIONS = DEBUG;
				SWIFT_OPTIMIZATION_LEVEL = "-Onone";
			};
			name = Debug;
		};
		D677F16028A3826500254521 /* Release */ = {
			isa = XCBuildConfiguration;
			buildSettings = {
				ALWAYS_SEARCH_USER_PATHS = NO;
				CLANG_ANALYZER_NONNULL = YES;
				CLANG_ANALYZER_NUMBER_OBJECT_CONVERSION = YES_AGGRESSIVE;
				CLANG_CXX_LANGUAGE_STANDARD = "gnu++17";
				CLANG_CXX_LIBRARY = "libc++";
				CLANG_ENABLE_MODULES = YES;
				CLANG_ENABLE_OBJC_ARC = YES;
				CLANG_ENABLE_OBJC_WEAK = YES;
				CLANG_WARN_BLOCK_CAPTURE_AUTORELEASING = YES;
				CLANG_WARN_BOOL_CONVERSION = YES;
				CLANG_WARN_COMMA = YES;
				CLANG_WARN_CONSTANT_CONVERSION = YES;
				CLANG_WARN_DEPRECATED_OBJC_IMPLEMENTATIONS = YES;
				CLANG_WARN_DIRECT_OBJC_ISA_USAGE = YES_ERROR;
				CLANG_WARN_DOCUMENTATION_COMMENTS = YES;
				CLANG_WARN_EMPTY_BODY = YES;
				CLANG_WARN_ENUM_CONVERSION = YES;
				CLANG_WARN_INFINITE_RECURSION = YES;
				CLANG_WARN_INT_CONVERSION = YES;
				CLANG_WARN_NON_LITERAL_NULL_CONVERSION = YES;
				CLANG_WARN_OBJC_IMPLICIT_RETAIN_SELF = YES;
				CLANG_WARN_OBJC_LITERAL_CONVERSION = YES;
				CLANG_WARN_OBJC_ROOT_CLASS = YES_ERROR;
				CLANG_WARN_QUOTED_INCLUDE_IN_FRAMEWORK_HEADER = YES;
				CLANG_WARN_RANGE_LOOP_ANALYSIS = YES;
				CLANG_WARN_STRICT_PROTOTYPES = YES;
				CLANG_WARN_SUSPICIOUS_MOVE = YES;
				CLANG_WARN_UNGUARDED_AVAILABILITY = YES_AGGRESSIVE;
				CLANG_WARN_UNREACHABLE_CODE = YES;
				CLANG_WARN__DUPLICATE_METHOD_MATCH = YES;
				COPY_PHASE_STRIP = NO;
				DEBUG_INFORMATION_FORMAT = "dwarf-with-dsym";
				ENABLE_NS_ASSERTIONS = NO;
				ENABLE_STRICT_OBJC_MSGSEND = YES;
				GCC_C_LANGUAGE_STANDARD = gnu11;
				GCC_NO_COMMON_BLOCKS = YES;
				GCC_WARN_64_TO_32_BIT_CONVERSION = YES;
				GCC_WARN_ABOUT_RETURN_TYPE = YES_ERROR;
				GCC_WARN_UNDECLARED_SELECTOR = YES;
				GCC_WARN_UNINITIALIZED_AUTOS = YES_AGGRESSIVE;
				GCC_WARN_UNUSED_FUNCTION = YES;
				GCC_WARN_UNUSED_VARIABLE = YES;
				IPHONEOS_DEPLOYMENT_TARGET = 15.2;
				MTL_ENABLE_DEBUG_INFO = NO;
				MTL_FAST_MATH = YES;
				SDKROOT = iphoneos;
				SWIFT_COMPILATION_MODE = wholemodule;
				SWIFT_OPTIMIZATION_LEVEL = "-O";
				VALIDATE_PRODUCT = YES;
			};
			name = Release;
		};
		D677F16228A3826500254521 /* Debug */ = {
			isa = XCBuildConfiguration;
			baseConfigurationReference = 5657118E3A0FA19C1EFEA2C4 /* Pods-Netflix.debug.xcconfig */;
			buildSettings = {
				ASSETCATALOG_COMPILER_APPICON_NAME = AppIcon;
				ASSETCATALOG_COMPILER_GLOBAL_ACCENT_COLOR_NAME = AccentColor;
				CODE_SIGN_IDENTITY = "Apple Development";
				CODE_SIGN_STYLE = Automatic;
				CURRENT_PROJECT_VERSION = 1;
				DEVELOPMENT_ASSET_PATHS = "\"Netflix/Preview Content\"";
				DEVELOPMENT_TEAM = NWQX8998PV;
				ENABLE_PREVIEWS = YES;
				GENERATE_INFOPLIST_FILE = YES;
				INFOPLIST_KEY_UIApplicationSceneManifest_Generation = YES;
				INFOPLIST_KEY_UIApplicationSupportsIndirectInputEvents = YES;
				INFOPLIST_KEY_UILaunchScreen_Generation = YES;
				INFOPLIST_KEY_UISupportedInterfaceOrientations_iPad = "UIInterfaceOrientationPortrait UIInterfaceOrientationPortraitUpsideDown UIInterfaceOrientationLandscapeLeft UIInterfaceOrientationLandscapeRight";
				INFOPLIST_KEY_UISupportedInterfaceOrientations_iPhone = "UIInterfaceOrientationPortrait UIInterfaceOrientationLandscapeLeft UIInterfaceOrientationLandscapeRight";
				LD_RUNPATH_SEARCH_PATHS = (
					"$(inherited)",
					"@executable_path/Frameworks",
				);
				MARKETING_VERSION = 1.0;
				PRODUCT_BUNDLE_IDENTIFIER = com.netflix.Netflix;
				PRODUCT_NAME = "$(TARGET_NAME)";
				PROVISIONING_PROFILE_SPECIFIER = "";
				SWIFT_EMIT_LOC_STRINGS = YES;
				SWIFT_VERSION = 5.0;
				TARGETED_DEVICE_FAMILY = "1,2";
			};
			name = Debug;
		};
		D677F16328A3826500254521 /* Release */ = {
			isa = XCBuildConfiguration;
			baseConfigurationReference = 3672217DE84F45CC2AAF5200 /* Pods-Netflix.release.xcconfig */;
			buildSettings = {
				ASSETCATALOG_COMPILER_APPICON_NAME = AppIcon;
				ASSETCATALOG_COMPILER_GLOBAL_ACCENT_COLOR_NAME = AccentColor;
				CODE_SIGN_IDENTITY = "Apple Development";
				CODE_SIGN_STYLE = Automatic;
				CURRENT_PROJECT_VERSION = 1;
				DEVELOPMENT_ASSET_PATHS = "\"Netflix/Preview Content\"";
				DEVELOPMENT_TEAM = NWQX8998PV;
				ENABLE_PREVIEWS = YES;
				GENERATE_INFOPLIST_FILE = YES;
				INFOPLIST_KEY_UIApplicationSceneManifest_Generation = YES;
				INFOPLIST_KEY_UIApplicationSupportsIndirectInputEvents = YES;
				INFOPLIST_KEY_UILaunchScreen_Generation = YES;
				INFOPLIST_KEY_UISupportedInterfaceOrientations_iPad = "UIInterfaceOrientationPortrait UIInterfaceOrientationPortraitUpsideDown UIInterfaceOrientationLandscapeLeft UIInterfaceOrientationLandscapeRight";
				INFOPLIST_KEY_UISupportedInterfaceOrientations_iPhone = "UIInterfaceOrientationPortrait UIInterfaceOrientationLandscapeLeft UIInterfaceOrientationLandscapeRight";
				LD_RUNPATH_SEARCH_PATHS = (
					"$(inherited)",
					"@executable_path/Frameworks",
				);
				MARKETING_VERSION = 1.0;
				PRODUCT_BUNDLE_IDENTIFIER = com.netflix.Netflix;
				PRODUCT_NAME = "$(TARGET_NAME)";
				PROVISIONING_PROFILE_SPECIFIER = "";
				SWIFT_EMIT_LOC_STRINGS = YES;
				SWIFT_VERSION = 5.0;
				TARGETED_DEVICE_FAMILY = "1,2";
			};
			name = Release;
		};
		D677F16528A3826500254521 /* Debug */ = {
			isa = XCBuildConfiguration;
			baseConfigurationReference = 90C9C685EE3ABC4EC17C9103 /* Pods-NetflixTests.debug.xcconfig */;
			buildSettings = {
				ALWAYS_EMBED_SWIFT_STANDARD_LIBRARIES = YES;
				BUNDLE_LOADER = "$(TEST_HOST)";
				CODE_SIGN_STYLE = Automatic;
				CURRENT_PROJECT_VERSION = 1;
				GENERATE_INFOPLIST_FILE = YES;
				IPHONEOS_DEPLOYMENT_TARGET = 15.2;
				MARKETING_VERSION = 1.0;
				PRODUCT_BUNDLE_IDENTIFIER = com.netflix.NetflixTests;
				PRODUCT_NAME = "$(TARGET_NAME)";
				SWIFT_EMIT_LOC_STRINGS = NO;
				SWIFT_VERSION = 5.0;
				TARGETED_DEVICE_FAMILY = "1,2";
				TEST_HOST = "$(BUILT_PRODUCTS_DIR)/Netflix.app/Netflix";
			};
			name = Debug;
		};
		D677F16628A3826500254521 /* Release */ = {
			isa = XCBuildConfiguration;
			baseConfigurationReference = 974BC5350792EB812FC66A5B /* Pods-NetflixTests.release.xcconfig */;
			buildSettings = {
				ALWAYS_EMBED_SWIFT_STANDARD_LIBRARIES = YES;
				BUNDLE_LOADER = "$(TEST_HOST)";
				CODE_SIGN_STYLE = Automatic;
				CURRENT_PROJECT_VERSION = 1;
				GENERATE_INFOPLIST_FILE = YES;
				IPHONEOS_DEPLOYMENT_TARGET = 15.2;
				MARKETING_VERSION = 1.0;
				PRODUCT_BUNDLE_IDENTIFIER = com.netflix.NetflixTests;
				PRODUCT_NAME = "$(TARGET_NAME)";
				SWIFT_EMIT_LOC_STRINGS = NO;
				SWIFT_VERSION = 5.0;
				TARGETED_DEVICE_FAMILY = "1,2";
				TEST_HOST = "$(BUILT_PRODUCTS_DIR)/Netflix.app/Netflix";
			};
			name = Release;
		};
		D677F16828A3826500254521 /* Debug */ = {
			isa = XCBuildConfiguration;
			baseConfigurationReference = D973068B857E39FC6A03244F /* Pods-Netflix-NetflixUITests.debug.xcconfig */;
			buildSettings = {
				ALWAYS_EMBED_SWIFT_STANDARD_LIBRARIES = YES;
				CODE_SIGN_STYLE = Automatic;
				CURRENT_PROJECT_VERSION = 1;
				GENERATE_INFOPLIST_FILE = YES;
				MARKETING_VERSION = 1.0;
				PRODUCT_BUNDLE_IDENTIFIER = com.netflix.NetflixUITests;
				PRODUCT_NAME = "$(TARGET_NAME)";
				SWIFT_EMIT_LOC_STRINGS = NO;
				SWIFT_VERSION = 5.0;
				TARGETED_DEVICE_FAMILY = "1,2";
				TEST_TARGET_NAME = Netflix;
			};
			name = Debug;
		};
		D677F16928A3826500254521 /* Release */ = {
			isa = XCBuildConfiguration;
			baseConfigurationReference = 054EE67749087D621BA62C92 /* Pods-Netflix-NetflixUITests.release.xcconfig */;
			buildSettings = {
				ALWAYS_EMBED_SWIFT_STANDARD_LIBRARIES = YES;
				CODE_SIGN_STYLE = Automatic;
				CURRENT_PROJECT_VERSION = 1;
				GENERATE_INFOPLIST_FILE = YES;
				MARKETING_VERSION = 1.0;
				PRODUCT_BUNDLE_IDENTIFIER = com.netflix.NetflixUITests;
				PRODUCT_NAME = "$(TARGET_NAME)";
				SWIFT_EMIT_LOC_STRINGS = NO;
				SWIFT_VERSION = 5.0;
				TARGETED_DEVICE_FAMILY = "1,2";
				TEST_TARGET_NAME = Netflix;
			};
			name = Release;
		};
/* End XCBuildConfiguration section */

/* Begin XCConfigurationList section */
		D677F13828A3826300254521 /* Build configuration list for PBXProject "Netflix" */ = {
			isa = XCConfigurationList;
			buildConfigurations = (
				D677F15F28A3826500254521 /* Debug */,
				D677F16028A3826500254521 /* Release */,
			);
			defaultConfigurationIsVisible = 0;
			defaultConfigurationName = Release;
		};
		D677F16128A3826500254521 /* Build configuration list for PBXNativeTarget "Netflix" */ = {
			isa = XCConfigurationList;
			buildConfigurations = (
				D677F16228A3826500254521 /* Debug */,
				D677F16328A3826500254521 /* Release */,
			);
			defaultConfigurationIsVisible = 0;
			defaultConfigurationName = Release;
		};
		D677F16428A3826500254521 /* Build configuration list for PBXNativeTarget "NetflixTests" */ = {
			isa = XCConfigurationList;
			buildConfigurations = (
				D677F16528A3826500254521 /* Debug */,
				D677F16628A3826500254521 /* Release */,
			);
			defaultConfigurationIsVisible = 0;
			defaultConfigurationName = Release;
		};
		D677F16728A3826500254521 /* Build configuration list for PBXNativeTarget "NetflixUITests" */ = {
			isa = XCConfigurationList;
			buildConfigurations = (
				D677F16828A3826500254521 /* Debug */,
				D677F16928A3826500254521 /* Release */,
			);
			defaultConfigurationIsVisible = 0;
			defaultConfigurationName = Release;
		};
/* End XCConfigurationList section */

/* Begin XCRemoteSwiftPackageReference section */
		D658C63428A6582D00001643 /* XCRemoteSwiftPackageReference "Kingfisher" */ = {
			isa = XCRemoteSwiftPackageReference;
			repositoryURL = "https://github.com/onevcat/Kingfisher.git";
			requirement = {
				kind = upToNextMajorVersion;
				minimumVersion = 7.0.0;
			};
		};
		D6D9732228ACE328009021D0 /* XCRemoteSwiftPackageReference "sdk-for-apple" */ = {
			isa = XCRemoteSwiftPackageReference;
			repositoryURL = "https://github.com/appwrite/sdk-for-apple";
			requirement = {
				kind = exactVersion;
				version = 0.6.0;
			};
		};
/* End XCRemoteSwiftPackageReference section */

/* Begin XCSwiftPackageProductDependency section */
		D658C63528A6582D00001643 /* Kingfisher */ = {
			isa = XCSwiftPackageProductDependency;
			package = D658C63428A6582D00001643 /* XCRemoteSwiftPackageReference "Kingfisher" */;
			productName = Kingfisher;
		};
		D6D9732328ACE328009021D0 /* Appwrite */ = {
			isa = XCSwiftPackageProductDependency;
			package = D6D9732228ACE328009021D0 /* XCRemoteSwiftPackageReference "sdk-for-apple" */;
			productName = Appwrite;
		};
/* End XCSwiftPackageProductDependency section */
	};
	rootObject = D677F13528A3826300254521 /* Project object */;
}
